<Solution>
  <Project Path="RPGManager.Desktop.Api/RPGManager.Desktop.Api.csproj" />
  <Project Path="RPGManager.Desktop.Application/RPGManager.Desktop.Application.csproj" />
  <Project Path="RPGManager.Desktop.Domain/RPGManager.Desktop.Domain.csproj" />
  <Project Path="RPGManager.Desktop.Infra/RPGManager.Desktop.Infra.csproj" />
  <Project Path="RPGManager.Desktop.Migration.PostegreSql/RPGManager.Desktop.PostegreSql.csproj" />
  <Project Path="RPGManager.Desktop.Migration.SqLite/RPGManager.Desktop.SqLite.csproj" />
  <Project Path="RPGManager.Desktop.Test.Integration/RPGManager.Desktop.Test.Integration.csproj" />
</Solution>
